// !$*UTF8*$!
{
	archiveVersion = 1;
	classes = {
	};
	objectVersion = 46;
	objects = {

/* Begin PBXBuildFile section */
		8373935B1E52361B00E3EDB8 /* AppDelegate.swift in Sources */ = {isa = PBXBuildFile; fileRef = 8373935A1E52361B00E3EDB8 /* AppDelegate.swift */; };
		8373935D1E52361B00E3EDB8 /* ViewController.swift in Sources */ = {isa = PBXBuildFile; fileRef = 8373935C1E52361B00E3EDB8 /* ViewController.swift */; };
		837393601E52361B00E3EDB8 /* Main.storyboard in Resources */ = {isa = PBXBuildFile; fileRef = 8373935E1E52361B00E3EDB8 /* Main.storyboard */; };
		837393621E52361B00E3EDB8 /* Assets.xcassets in Resources */ = {isa = PBXBuildFile; fileRef = 837393611E52361B00E3EDB8 /* Assets.xcassets */; };
		837393651E52361B00E3EDB8 /* LaunchScreen.storyboard in Resources */ = {isa = PBXBuildFile; fileRef = 837393631E52361B00E3EDB8 /* LaunchScreen.storyboard */; };
		8373936D1E52363200E3EDB8 /* SecondViewController.swift in Sources */ = {isa = PBXBuildFile; fileRef = 8373936C1E52363200E3EDB8 /* SecondViewController.swift */; };
		8373936F1E52365B00E3EDB8 /* PullLeftAnimationController.swift in Sources */ = {isa = PBXBuildFile; fileRef = 8373936E1E52365B00E3EDB8 /* PullLeftAnimationController.swift */; };
		837393711E52367300E3EDB8 /* HorizontalFlipAnimationController.swift in Sources */ = {isa = PBXBuildFile; fileRef = 837393701E52367300E3EDB8 /* HorizontalFlipAnimationController.swift */; };
		837393731E5236E300E3EDB8 /* PresentationController.swift in Sources */ = {isa = PBXBuildFile; fileRef = 837393721E5236E300E3EDB8 /* PresentationController.swift */; };
		837393751E52370E00E3EDB8 /* TransitioningDelegate.swift in Sources */ = {isa = PBXBuildFile; fileRef = 837393741E52370E00E3EDB8 /* TransitioningDelegate.swift */; };
/* End PBXBuildFile section */

/* Begin PBXFileReference section */
		837393571E52361B00E3EDB8 /* CustomTransitionDemo.app */ = {isa = PBXFileReference; explicitFileType = wrapper.application; includeInIndex = 0; path = CustomTransitionDemo.app; sourceTree = BUILT_PRODUCTS_DIR; };
		8373935A1E52361B00E3EDB8 /* AppDelegate.swift */ = {isa = PBXFileReference; lastKnownFileType = sourcecode.swift; path = AppDelegate.swift; sourceTree = "<group>"; };
		8373935C1E52361B00E3EDB8 /* ViewController.swift */ = {isa = PBXFileReference; lastKnownFileType = sourcecode.swift; path = ViewController.swift; sourceTree = "<group>"; };
		8373935F1E52361B00E3EDB8 /* Base */ = {isa = PBXFileReference; lastKnownFileType = file.storyboard; name = Base; path = Base.lproj/Main.storyboard; sourceTree = "<group>"; };
		837393611E52361B00E3EDB8 /* Assets.xcassets */ = {isa = PBXFileReference; lastKnownFileType = folder.assetcatalog; path = Assets.xcassets; sourceTree = "<group>"; };
		837393641E52361B00E3EDB8 /* Base */ = {isa = PBXFileReference; lastKnownFileType = file.storyboard; name = Base; path = Base.lproj/LaunchScreen.storyboard; sourceTree = "<group>"; };
		837393661E52361B00E3EDB8 /* Info.plist */ = {isa = PBXFileReference; lastKnownFileType = text.plist.xml; path = Info.plist; sourceTree = "<group>"; };
		8373936C1E52363200E3EDB8 /* SecondViewController.swift */ = {isa = PBXFileReference; fileEncoding = 4; lastKnownFileType = sourcecode.swift; path = SecondViewController.swift; sourceTree = "<group>"; };
		8373936E1E52365B00E3EDB8 /* PullLeftAnimationController.swift */ = {isa = PBXFileReference; fileEncoding = 4; lastKnownFileType = sourcecode.swift; path = PullLeftAnimationController.swift; sourceTree = "<group>"; };
		837393701E52367300E3EDB8 /* HorizontalFlipAnimationController.swift */ = {isa = PBXFileReference; fileEncoding = 4; lastKnownFileType = sourcecode.swift; path = HorizontalFlipAnimationController.swift; sourceTree = "<group>"; };
		837393721E5236E300E3EDB8 /* PresentationController.swift */ = {isa = PBXFileReference; fileEncoding = 4; lastKnownFileType = sourcecode.swift; path = PresentationController.swift; sourceTree = "<group>"; };
		837393741E52370E00E3EDB8 /* TransitioningDelegate.swift */ = {isa = PBXFileReference; fileEncoding = 4; lastKnownFileType = sourcecode.swift; path = TransitioningDelegate.swift; sourceTree = "<group>"; };
		837393761E52456D00E3EDB8 /* README.md */ = {isa = PBXFileReference; lastKnownFileType = net.daringfireball.markdown; path = README.md; sourceTree = "<group>"; };
/* End PBXFileReference section */

/* Begin PBXFrameworksBuildPhase section */
		837393541E52361B00E3EDB8 /* Frameworks */ = {
			isa = PBXFrameworksBuildPhase;
			buildActionMask = 2147483647;
			files = (
			);
			runOnlyForDeploymentPostprocessing = 0;
		};
/* End PBXFrameworksBuildPhase section */

/* Begin PBXGroup section */
		8373934E1E52361B00E3EDB8 = {
			isa = PBXGroup;
			children = (
				837393761E52456D00E3EDB8 /* README.md */,
				837393591E52361B00E3EDB8 /* CustomTransitionDemo */,
				837393581E52361B00E3EDB8 /* Products */,
			);
			sourceTree = "<group>";
		};
		837393581E52361B00E3EDB8 /* Products */ = {
			isa = PBXGroup;
			children = (
				837393571E52361B00E3EDB8 /* CustomTransitionDemo.app */,
			);
			name = Products;
			sourceTree = "<group>";
		};
		837393591E52361B00E3EDB8 /* CustomTransitionDemo */ = {
			isa = PBXGroup;
			children = (
				8373935A1E52361B00E3EDB8 /* AppDelegate.swift */,
				8373935C1E52361B00E3EDB8 /* ViewController.swift */,
				8373936C1E52363200E3EDB8 /* SecondViewController.swift */,
				837393741E52370E00E3EDB8 /* TransitioningDelegate.swift */,
				837393721E5236E300E3EDB8 /* PresentationController.swift */,
				8373936E1E52365B00E3EDB8 /* PullLeftAnimationController.swift */,
				837393701E52367300E3EDB8 /* HorizontalFlipAnimationController.swift */,
				8373935E1E52361B00E3EDB8 /* Main.storyboard */,
				837393611E52361B00E3EDB8 /* Assets.xcassets */,
				837393631E52361B00E3EDB8 /* LaunchScreen.storyboard */,
				837393661E52361B00E3EDB8 /* Info.plist */,
			);
			path = CustomTransitionDemo;
			sourceTree = "<group>";
		};
/* End PBXGroup section */

/* Begin PBXNativeTarget section */
		837393561E52361B00E3EDB8 /* CustomTransitionDemo */ = {
			isa = PBXNativeTarget;
			buildConfigurationList = 837393691E52361B00E3EDB8 /* Build configuration list for PBXNativeTarget "CustomTransitionDemo" */;
			buildPhases = (
				837393531E52361B00E3EDB8 /* Sources */,
				837393541E52361B00E3EDB8 /* Frameworks */,
				837393551E52361B00E3EDB8 /* Resources */,
			);
			buildRules = (
			);
			dependencies = (
			);
			name = CustomTransitionDemo;
			productName = CustomTransitionDemo;
			productReference = 837393571E52361B00E3EDB8 /* CustomTransitionDemo.app */;
			productType = "com.apple.product-type.application";
		};
/* End PBXNativeTarget section */

/* Begin PBXProject section */
		8373934F1E52361B00E3EDB8 /* Project object */ = {
			isa = PBXProject;
			attributes = {
				LastSwiftUpdateCheck = 0820;
				LastUpgradeCheck = 0820;
				ORGANIZATIONNAME = "Robert Ryan";
				TargetAttributes = {
					837393561E52361B00E3EDB8 = {
						CreatedOnToolsVersion = 8.2.1;
						DevelopmentTeam = UZAPXQTVQ4;
						ProvisioningStyle = Automatic;
					};
				};
			};
			buildConfigurationList = 837393521E52361B00E3EDB8 /* Build configuration list for PBXProject "CustomTransitionDemo" */;
			compatibilityVersion = "Xcode 3.2";
			developmentRegion = English;
			hasScannedForEncodings = 0;
			knownRegions = (
				en,
				Base,
			);
			mainGroup = 8373934E1E52361B00E3EDB8;
			productRefGroup = 837393581E52361B00E3EDB8 /* Products */;
			projectDirPath = "";
			projectRoot = "";
			targets = (
				837393561E52361B00E3EDB8 /* CustomTransitionDemo */,
			);
		};
/* End PBXProject section */

/* Begin PBXResourcesBuildPhase section */
		837393551E52361B00E3EDB8 /* Resources */ = {
			isa = PBXResourcesBuildPhase;
			buildActionMask = 2147483647;
			files = (
				837393651E52361B00E3EDB8 /* LaunchScreen.storyboard in Resources */,
				837393621E52361B00E3EDB8 /* Assets.xcassets in Resources */,
				837393601E52361B00E3EDB8 /* Main.storyboard in Resources */,
			);
			runOnlyForDeploymentPostprocessing = 0;
		};
/* End PBXResourcesBuildPhase section */

/* Begin PBXSourcesBuildPhase section */
		837393531E52361B00E3EDB8 /* Sources */ = {
			isa = PBXSourcesBuildPhase;
			buildActionMask = 2147483647;
			files = (
				8373936D1E52363200E3EDB8 /* SecondViewController.swift in Sources */,
				837393711E52367300E3EDB8 /* HorizontalFlipAnimationController.swift in Sources */,
				8373935D1E52361B00E3EDB8 /* ViewController.swift in Sources */,
				8373935B1E52361B00E3EDB8 /* AppDelegate.swift in Sources */,
				8373936F1E52365B00E3EDB8 /* PullLeftAnimationController.swift in Sources */,
				837393751E52370E00E3EDB8 /* TransitioningDelegate.swift in Sources */,
				837393731E5236E300E3EDB8 /* PresentationController.swift in Sources */,
			);
			runOnlyForDeploymentPostprocessing = 0;
		};
/* End PBXSourcesBuildPhase section */

/* Begin PBXVariantGroup section */
		8373935E1E52361B00E3EDB8 /* Main.storyboard */ = {
			isa = PBXVariantGroup;
			children = (
				8373935F1E52361B00E3EDB8 /* Base */,
			);
			name = Main.storyboard;
			sourceTree = "<group>";
		};
		837393631E52361B00E3EDB8 /* LaunchScreen.storyboard */ = {
			isa = PBXVariantGroup;
			children = (
				837393641E52361B00E3EDB8 /* Base */,
			);
			name = LaunchScreen.storyboard;
			sourceTree = "<group>";
		};
/* End PBXVariantGroup section */

/* Begin XCBuildConfiguration section */
		837393671E52361B00E3EDB8 /* Debug */ = {
			isa = XCBuildConfiguration;
			buildSettings = {
				ALWAYS_SEARCH_USER_PATHS = NO;
				CLANG_ANALYZER_NONNULL = YES;
				CLANG_CXX_LANGUAGE_STANDARD = "gnu++0x";
				CLANG_CXX_LIBRARY = "libc++";
				CLANG_ENABLE_MODULES = YES;
				CLANG_ENABLE_OBJC_ARC = YES;
				CLANG_WARN_BOOL_CONVERSION = YES;
				CLANG_WARN_CONSTANT_CONVERSION = YES;
				CLANG_WARN_DIRECT_OBJC_ISA_USAGE = YES_ERROR;
				CLANG_WARN_DOCUMENTATION_COMMENTS = YES;
				CLANG_WARN_EMPTY_BODY = YES;
				CLANG_WARN_ENUM_CONVERSION = YES;
				CLANG_WARN_INFINITE_RECURSION = YES;
				CLANG_WARN_INT_CONVERSION = YES;
				CLANG_WARN_OBJC_ROOT_CLASS = YES_ERROR;
				CLANG_WARN_SUSPICIOUS_MOVE = YES;
				CLANG_WARN_UNREACHABLE_CODE = YES;
				CLANG_WARN__DUPLICATE_METHOD_MATCH = YES;
				"CODE_SIGN_IDENTITY[sdk=iphoneos*]" = "iPhone Developer";
				COPY_PHASE_STRIP = NO;
				DEBUG_INFORMATION_FORMAT = dwarf;
				ENABLE_STRICT_OBJC_MSGSEND = YES;
				ENABLE_TESTABILITY = YES;
				GCC_C_LANGUAGE_STANDARD = gnu99;
				GCC_DYNAMIC_NO_PIC = NO;
				GCC_NO_COMMON_BLOCKS = YES;
				GCC_OPTIMIZATION_LEVEL = 0;
				GCC_PREPROCESSOR_DEFINITIONS = (
					"DEBUG=1",
					"$(inherited)",
				);
				GCC_WARN_64_TO_32_BIT_CONVERSION = YES;
				GCC_WARN_ABOUT_RETURN_TYPE = YES_ERROR;
				GCC_WARN_UNDECLARED_SELECTOR = YES;
				GCC_WARN_UNINITIALIZED_AUTOS = YES_AGGRESSIVE;
				GCC_WARN_UNUSED_FUNCTION = YES;
				GCC_WARN_UNUSED_VARIABLE = YES;
				IPHONEOS_DEPLOYMENT_TARGET = 10.2;
				MTL_ENABLE_DEBUG_INFO = YES;
				ONLY_ACTIVE_ARCH = YES;
				SDKROOT = iphoneos;
				SWIFT_ACTIVE_COMPILATION_CONDITIONS = DEBUG;
				SWIFT_OPTIMIZATION_LEVEL = "-Onone";
				TARGETED_DEVICE_FAMILY = "1,2";
			};
			name = Debug;
		};
		837393681E52361B00E3EDB8 /* Release */ = {
			isa = XCBuildConfiguration;
			buildSettings = {
				ALWAYS_SEARCH_USER_PATHS = NO;
				CLANG_ANALYZER_NONNULL = YES;
				CLANG_CXX_LANGUAGE_STANDARD = "gnu++0x";
				CLANG_CXX_LIBRARY = "libc++";
				CLANG_ENABLE_MODULES = YES;
				CLANG_ENABLE_OBJC_ARC = YES;
				CLANG_WARN_BOOL_CONVERSION = YES;
				CLANG_WARN_CONSTANT_CONVERSION = YES;
				CLANG_WARN_DIRECT_OBJC_ISA_USAGE = YES_ERROR;
				CLANG_WARN_DOCUMENTATION_COMMENTS = YES;
				CLANG_WARN_EMPTY_BODY = YES;
				CLANG_WARN_ENUM_CONVERSION = YES;
				CLANG_WARN_INFINITE_RECURSION = YES;
				CLANG_WARN_INT_CONVERSION = YES;
				CLANG_WARN_OBJC_ROOT_CLASS = YES_ERROR;
				CLANG_WARN_SUSPICIOUS_MOVE = YES;
				CLANG_WARN_UNREACHABLE_CODE = YES;
				CLANG_WARN__DUPLICATE_METHOD_MATCH = YES;
				"CODE_SIGN_IDENTITY[sdk=iphoneos*]" = "iPhone Developer";
				COPY_PHASE_STRIP = NO;
				DEBUG_INFORMATION_FORMAT = "dwarf-with-dsym";
				ENABLE_NS_ASSERTIONS = NO;
				ENABLE_STRICT_OBJC_MSGSEND = YES;
				GCC_C_LANGUAGE_STANDARD = gnu99;
				GCC_NO_COMMON_BLOCKS = YES;
				GCC_WARN_64_TO_32_BIT_CONVERSION = YES;
				GCC_WARN_ABOUT_RETURN_TYPE = YES_ERROR;
				GCC_WARN_UNDECLARED_SELECTOR = YES;
				GCC_WARN_UNINITIALIZED_AUTOS = YES_AGGRESSIVE;
				GCC_WARN_UNUSED_FUNCTION = YES;
				GCC_WARN_UNUSED_VARIABLE = YES;
				IPHONEOS_DEPLOYMENT_TARGET = 10.2;
				MTL_ENABLE_DEBUG_INFO = NO;
				SDKROOT = iphoneos;
				SWIFT_OPTIMIZATION_LEVEL = "-Owholemodule";
				TARGETED_DEVICE_FAMILY = "1,2";
				VALIDATE_PRODUCT = YES;
			};
			name = Release;
		};
		8373936A1E52361B00E3EDB8 /* Debug */ = {
			isa = XCBuildConfiguration;
			buildSettings = {
				ASSETCATALOG_COMPILER_APPICON_NAME = AppIcon;
				DEVELOPMENT_TEAM = UZAPXQTVQ4;
				INFOPLIST_FILE = CustomTransitionDemo/Info.plist;
				LD_RUNPATH_SEARCH_PATHS = "$(inherited) @executable_path/Frameworks";
				PRODUCT_BUNDLE_IDENTIFIER = com.robertmryan.CustomTransitionDemo;
				PRODUCT_NAME = "$(TARGET_NAME)";
				SWIFT_VERSION = 3.0;
			};
			name = Debug;
		};
		8373936B1E52361B00E3EDB8 /* Release */ = {
			isa = XCBuildConfiguration;
			buildSettings = {
				ASSETCATALOG_COMPILER_APPICON_NAME = AppIcon;
				DEVELOPMENT_TEAM = UZAPXQTVQ4;
				INFOPLIST_FILE = CustomTransitionDemo/Info.plist;
				LD_RUNPATH_SEARCH_PATHS = "$(inherited) @executable_path/Frameworks";
				PRODUCT_BUNDLE_IDENTIFIER = com.robertmryan.CustomTransitionDemo;
				PRODUCT_NAME = "$(TARGET_NAME)";
				SWIFT_VERSION = 3.0;
			};
			name = Release;
		};
/* End XCBuildConfiguration section */

/* Begin XCConfigurationList section */
		837393521E52361B00E3EDB8 /* Build configuration list for PBXProject "CustomTransitionDemo" */ = {
			isa = XCConfigurationList;
			buildConfigurations = (
				837393671E52361B00E3EDB8 /* Debug */,
				837393681E52361B00E3EDB8 /* Release */,
			);
			defaultConfigurationIsVisible = 0;
			defaultConfigurationName = Release;
		};
		837393691E52361B00E3EDB8 /* Build configuration list for PBXNativeTarget "CustomTransitionDemo" */ = {
			isa = XCConfigurationList;
			buildConfigurations = (
				8373936A1E52361B00E3EDB8 /* Debug */,
				8373936B1E52361B00E3EDB8 /* Release */,
			);
			defaultConfigurationIsVisible = 0;
			defaultConfigurationName = Release;
		};
/* End XCConfigurationList section */
	};
	rootObject = 8373934F1E52361B00E3EDB8 /* Project object */;
}
